
Microsoft Visual Studio Solution File, Format Version 12.00
# Visual Studio 15
VisualStudioVersion = 15.0.27130.2027
MinimumVisualStudioVersion = 10.0.40219.1
Project("{FAE04EC0-301F-11D3-BF4B-00C04F79EFBC}") = "AngularRegisterTest", "AngularRegisterTest\AngularRegisterTest.csproj", "{FF843917-9986-4AB2-819E-04302A3C1FF9}"
EndProject
Global
	GlobalSection(SolutionConfigurationPlatforms) = preSolution
		Debug|Any CPU = Debug|Any CPU
		Release|Any CPU = Release|Any CPU
	EndGlobalSection
	GlobalSection(ProjectConfigurationPlatforms) = postSolution
		{FF843917-9986-4AB2-819E-04302A3C1FF9}.Debug|Any CPU.ActiveCfg = Debug|Any CPU
		{FF843917-9986-4AB2-819E-04302A3C1FF9}.Debug|Any CPU.Build.0 = Debug|Any CPU
		{FF843917-9986-4AB2-819E-04302A3C1FF9}.Release|Any CPU.ActiveCfg = Release|Any CPU
		{FF843917-9986-4AB2-819E-04302A3C1FF9}.Release|Any CPU.Build.0 = Release|Any CPU
	EndGlobalSection
	GlobalSection(SolutionProperties) = preSolution
		HideSolutionNode = FALSE
	EndGlobalSection
	GlobalSection(ExtensibilityGlobals) = postSolution
		SolutionGuid = {77D8EF87-AF24-44BA-BB76-EDA215B00973}
	EndGlobalSection
EndGlobal
